
Microsoft Visual Studio Solution File, Format Version 12.00
# Visual Studio Version 17
VisualStudioVersion = 17.1.32421.90
MinimumVisualStudioVersion = 10.0.40219.1
Project("{FAE04EC0-301F-11D3-BF4B-00C04F79EFBC}") = "CrudBasicoWindowns", "CrudBasicoWindowns\CrudBasicoWindowns.csproj", "{A7305DDD-573B-4387-BD21-7D7494D11DCD}"
EndProject
Global
	GlobalSection(SolutionConfigurationPlatforms) = preSolution
		Debug|Any CPU = Debug|Any CPU
		Release|Any CPU = Release|Any CPU
	EndGlobalSection
	GlobalSection(ProjectConfigurationPlatforms) = postSolution
		{A7305DDD-573B-4387-BD21-7D7494D11DCD}.Debug|Any CPU.ActiveCfg = Debug|Any CPU
		{A7305DDD-573B-4387-BD21-7D7494D11DCD}.Debug|Any CPU.Build.0 = Debug|Any CPU
		{A7305DDD-573B-4387-BD21-7D7494D11DCD}.Release|Any CPU.ActiveCfg = Release|Any CPU
		{A7305DDD-573B-4387-BD21-7D7494D11DCD}.Release|Any CPU.Build.0 = Release|Any CPU
	EndGlobalSection
	GlobalSection(SolutionProperties) = preSolution
		HideSolutionNode = FALSE
	EndGlobalSection
	GlobalSection(ExtensibilityGlobals) = postSolution
		SolutionGuid = {C479B126-14C7-42EE-8358-27A96206D79F}
	EndGlobalSection
EndGlobal
